
Microsoft Visual Studio Solution File, Format Version 12.00
# Visual Studio Version 17
VisualStudioVersion = 17.0.32112.339
MinimumVisualStudioVersion = 10.0.40219.1
Project("{9A19103F-16F7-4668-BE54-9A1E7A4F7556}") = "app", "app.csproj", "{94F9295D-C051-4941-AD27-AE7052E1F6D2}"
EndProject
Project("{FAE04EC0-301F-11D3-BF4B-00C04F79EFBC}") = "cryptng.cpt.distillerclient", "..\cryptng.cpt.distillerclient\cryptng.cpt.distillerclient.csproj", "{527592C2-2C8B-4142-9D2F-41C0F703BD57}"
EndProject
Global
	GlobalSection(SolutionConfigurationPlatforms) = preSolution
		Debug|Any CPU = Debug|Any CPU
		Release|Any CPU = Release|Any CPU
	EndGlobalSection
	GlobalSection(ProjectConfigurationPlatforms) = postSolution
		{94F9295D-C051-4941-AD27-AE7052E1F6D2}.Debug|Any CPU.ActiveCfg = Debug|Any CPU
		{94F9295D-C051-4941-AD27-AE7052E1F6D2}.Debug|Any CPU.Build.0 = Debug|Any CPU
		{94F9295D-C051-4941-AD27-AE7052E1F6D2}.Release|Any CPU.ActiveCfg = Release|Any CPU
		{94F9295D-C051-4941-AD27-AE7052E1F6D2}.Release|Any CPU.Build.0 = Release|Any CPU
		{527592C2-2C8B-4142-9D2F-41C0F703BD57}.Debug|Any CPU.ActiveCfg = Debug|Any CPU
		{527592C2-2C8B-4142-9D2F-41C0F703BD57}.Debug|Any CPU.Build.0 = Debug|Any CPU
		{527592C2-2C8B-4142-9D2F-41C0F703BD57}.Release|Any CPU.ActiveCfg = Release|Any CPU
		{527592C2-2C8B-4142-9D2F-41C0F703BD57}.Release|Any CPU.Build.0 = Release|Any CPU
	EndGlobalSection
	GlobalSection(SolutionProperties) = preSolution
		HideSolutionNode = FALSE
	EndGlobalSection
	GlobalSection(ExtensibilityGlobals) = postSolution
		SolutionGuid = {37237E6D-6107-44BE-951D-43C50C675701}
	EndGlobalSection
EndGlobal
